{
  "name": "vue",
  "lockfileVersion": 2,
  "requires": true,
  "packages": {
    "": {
      "dependencies": {
        "vue-button-spinner": "^2.2.1"
      }
    },
    "node_modules/vue": {
      "version": "2.6.14",
      "resolved": "https://registry.npmjs.org/vue/-/vue-2.6.14.tgz",
      "integrity": "sha512-x2284lgYvjOMj3Za7kqzRcUSxBboHqtgRE2zlos1qWaOye5yUmHn42LB1250NJBLRwEcdrB0JRwyPTEPhfQjiQ=="
    },
    "node_modules/vue-button-spinner": {
      "version": "2.2.1",
      "resolved": "https://registry.npmjs.org/vue-button-spinner/-/vue-button-spinner-2.2.1.tgz",
      "integrity": "sha512-fu8d1hkneEkRomh6iiw98cpN6GEuGLgXIEtCzOOZNy6bYAdLsEaQa2e4uqf+3kaVfS4C2jezFU9uhYv5O8wqVA==",
      "dependencies": {
        "vue": "^2.5.2"
      }
    }
  },
  "dependencies": {
    "vue": {
      "version": "2.6.14",
      "resolved": "https://registry.npmjs.org/vue/-/vue-2.6.14.tgz",
      "integrity": "sha512-x2284lgYvjOMj3Za7kqzRcUSxBboHqtgRE2zlos1qWaOye5yUmHn42LB1250NJBLRwEcdrB0JRwyPTEPhfQjiQ=="
    },
    "vue-button-spinner": {
      "version": "2.2.1",
      "resolved": "https://registry.npmjs.org/vue-button-spinner/-/vue-button-spinner-2.2.1.tgz",
      "integrity": "sha512-fu8d1hkneEkRomh6iiw98cpN6GEuGLgXIEtCzOOZNy6bYAdLsEaQa2e4uqf+3kaVfS4C2jezFU9uhYv5O8wqVA==",
      "requires": {
        "vue": "^2.5.2"
      }
    }
  }
}
